{
  "nodes": {
    "nixpkgs": {
      "locked": {
        "lastModified": 1767379071,
        "narHash": "sha256-3xDI4xtzovwqE/eAxCwmXxUqBg6Yoam2L1u0IwRNhW4=",
        "rev": "fb7944c166a3b630f177938e478f0378e64ce108",
        "type": "tarball",
        "url": "https://releases.nixos.org/nixos/unstable/nixos-26.05pre921484.fb7944c166a3/nixexprs.tar.xz?lastModified=1767379071&rev=fb7944c166a3b630f177938e478f0378e64ce108"
      },
      "original": {
        "type": "tarball",
        "url": "https://channels.nixos.org/nixos-unstable/nixexprs.tar.xz"
      }
    },
    "root": {
      "inputs": {
        "nixpkgs": "nixpkgs"
      }
    }
  },
  "root": "root",
  "version": 7
}
